
Microsoft Visual Studio Solution File, Format Version 12.00
# Visual Studio Version 16
VisualStudioVersion = 16.0.30413.136
MinimumVisualStudioVersion = 10.0.40219.1
Project("{FAE04EC0-301F-11D3-BF4B-00C04F79EFBC}") = "portScanner", "portScanner.csproj", "{CD31A24D-9523-45AE-9444-E2C80F03E13F}"
EndProject
Global
	GlobalSection(SolutionConfigurationPlatforms) = preSolution
		Debug|Any CPU = Debug|Any CPU
		Release|Any CPU = Release|Any CPU
	EndGlobalSection
	GlobalSection(ProjectConfigurationPlatforms) = postSolution
		{CD31A24D-9523-45AE-9444-E2C80F03E13F}.Debug|Any CPU.ActiveCfg = Debug|Any CPU
		{CD31A24D-9523-45AE-9444-E2C80F03E13F}.Debug|Any CPU.Build.0 = Debug|Any CPU
		{CD31A24D-9523-45AE-9444-E2C80F03E13F}.Release|Any CPU.ActiveCfg = Release|Any CPU
		{CD31A24D-9523-45AE-9444-E2C80F03E13F}.Release|Any CPU.Build.0 = Release|Any CPU
	EndGlobalSection
	GlobalSection(SolutionProperties) = preSolution
		HideSolutionNode = FALSE
	EndGlobalSection
	GlobalSection(ExtensibilityGlobals) = postSolution
		SolutionGuid = {EA8CCBC3-7E1D-4AA6-BB0E-1A92744F5C86}
	EndGlobalSection
EndGlobal
